{
  "name": "@uppercut-labs/skills",
  "version": "0.1.0",
  "lockfileVersion": 3,
  "requires": true,
  "packages": {
    "": {
      "name": "@uppercut-labs/skills",
      "version": "0.1.0",
      "dependencies": {
        "@uppercut-labs/agent-native": "0.1.0"
      },
      "bin": {
        "uppercut-skills": "bin/uppercut-skills.js"
      },
      "devDependencies": {
        "@modelcontextprotocol/server": "2.3.0",
        "@types/node": "22.20.5",
        "typescript": "5.8.3"
      },
      "engines": {
        "node": ">=22"
      },
      "peerDependencies": {
        "@modelcontextprotocol/server": "2.3.0"
      },
      "peerDependenciesMeta": {
        "@modelcontextprotocol/server": {
          "optional": true
        }
      }
    },
    "node_modules/@modelcontextprotocol/core": {
      "version": "2.3.0",
      "resolved": "https://registry.npmjs.org/@modelcontextprotocol/core/-/core-2.3.0.tgz",
      "integrity": "sha512-09BHFaNVBe5pB2AhzCfLj0cqmsKLERvZQ4FblzP90UMGLaXVqdZPByFjURwsUYCmxonUW2yAwgTTvle+8O2/8w==",
      "devOptional": true,
      "license": "Apache-2.0",
      "dependencies": {
        "zod": "^4.2.0"
      },
      "engines": {
        "node": ">=20"
      }
    },
    "node_modules/@modelcontextprotocol/server": {
      "version": "2.3.0",
      "resolved": "https://registry.npmjs.org/@modelcontextprotocol/server/-/server-2.3.0.tgz",
      "integrity": "sha512-+6b0LdsQLmHsvS7J6sQJ4weTpzUn61fU1JKS+321/+IyDYoHW5CR2Tgqcs6GgAAQvlesCo6yX3xttgmx+XGtJw==",
      "devOptional": true,
      "license": "Apache-2.0",
      "dependencies": {
        "@modelcontextprotocol/core": "2.3.0",
        "zod": "^4.2.0"
      },
      "engines": {
        "node": ">=20"
      }
    },
    "node_modules/@types/node": {
      "version": "22.20.5",
      "resolved": "https://registry.npmjs.org/@types/node/-/node-22.20.5.tgz",
      "integrity": "sha512-U2+DNr+wSjpsTS/wZGYHq7GcwfuSmKiKvoPvK22zwTlRhU91yOniN4qRR5KhIjvif7ysw/dz/hKmfDH0Ris4aA==",
      "dev": true,
      "license": "MIT",
      "dependencies": {
        "undici-types": "~6.21.0"
      }
    },
    "node_modules/@uppercut-labs/agent-native": {
      "version": "0.1.0",
      "resolved": "https://registry.npmjs.org/@uppercut-labs/agent-native/-/agent-native-0.1.0.tgz",
      "integrity": "sha512-O9aUandvNIQNHYlwAbWLynyzJ6NOpkNRY27uDIzFsfyHtCi62/YYUhSgBx2YdhEwxPX7URBaDDWFhVT4Jb7Zyg==",
      "license": "MIT",
      "engines": {
        "node": ">=22"
      },
      "peerDependencies": {
        "@modelcontextprotocol/ext-apps": "2.0.3",
        "@modelcontextprotocol/server": "2.3.0",
        "astro": ">=7.0.0 <8.0.0",
        "zod": "4.6.5"
      },
      "peerDependenciesMeta": {
        "@modelcontextprotocol/ext-apps": {
          "optional": true
        },
        "@modelcontextprotocol/server": {
          "optional": true
        },
        "astro": {
          "optional": true
        },
        "zod": {
          "optional": true
        }
      }
    },
    "node_modules/typescript": {
      "version": "5.8.3",
      "resolved": "https://registry.npmjs.org/typescript/-/typescript-5.8.3.tgz",
      "integrity": "sha512-p1diW6TqL9L07nNxvRMM7hMMw4c5XOo/1ibL4aAIGmSAt9slTE1Xgw5KWuof2uTOvCg9BY7ZRi+GaF+7sfgPeQ==",
      "dev": true,
      "license": "Apache-2.0",
      "bin": {
        "tsc": "bin/tsc",
        "tsserver": "bin/tsserver"
      },
      "engines": {
        "node": ">=14.17"
      }
    },
    "node_modules/undici-types": {
      "version": "6.21.0",
      "resolved": "https://registry.npmjs.org/undici-types/-/undici-types-6.21.0.tgz",
      "integrity": "sha512-iwDZqg0QAGrg9Rav5H4n0M64c3mkR59cJ6wQp+7C4nI0gsmExaedaYLNO44eT4AtBBwjbTiGPMlt2Md0T9H9JQ==",
      "dev": true,
      "license": "MIT"
    },
    "node_modules/zod": {
      "version": "4.6.5",
      "resolved": "https://registry.npmjs.org/zod/-/zod-4.6.5.tgz",
      "integrity": "sha512-v5l/aFXZQeai4awLbOpSoHecE9UiMrnfx75tEXLjNonXVARxQ5mOeipTjROUchszUNCqnE+hqAMujRsRHsut2Q==",
      "devOptional": true,
      "license": "MIT",
      "funding": {
        "url": "https://github.com/sponsors/colinhacks"
      }
    }
  }
}
